{
  "name": "@donutteam/number-utilities",
  "version": "1.1.0",
  "lockfileVersion": 2,
  "requires": true,
  "packages": {
    "": {
      "name": "@donutteam/number-utilities",
      "version": "1.1.0",
      "license": "MIT",
      "devDependencies": {
        "@donutteam/eslint-config": "^1.0.5"
      }
    },
    "node_modules/@donutteam/eslint-config": {
      "version": "1.0.5",
      "resolved": "https://registry.npmjs.org/@donutteam/eslint-config/-/eslint-config-1.0.5.tgz",
      "integrity": "sha512-/5iitleF+figGCL8OBl5c5BpPBYtmcA8fEB36RkNTIZtLiDlZPCLPr61n/c4+6SSEZf3MWtJSudndsX+XsraBQ==",
      "dev": true
    }
  },
  "dependencies": {
    "@donutteam/eslint-config": {
      "version": "1.0.5",
      "resolved": "https://registry.npmjs.org/@donutteam/eslint-config/-/eslint-config-1.0.5.tgz",
      "integrity": "sha512-/5iitleF+figGCL8OBl5c5BpPBYtmcA8fEB36RkNTIZtLiDlZPCLPr61n/c4+6SSEZf3MWtJSudndsX+XsraBQ==",
      "dev": true
    }
  }
}
